
Microsoft Visual Studio Solution File, Format Version 12.00
# Visual Studio Version 17
VisualStudioVersion = 17.2.32602.215
MinimumVisualStudioVersion = 10.0.40219.1
Project("{FAE04EC0-301F-11D3-BF4B-00C04F79EFBC}") = "CadPessoas", "CadPessoas.csproj", "{18181168-ED6C-4593-81B1-41883AF1D361}"
EndProject
Global
	GlobalSection(SolutionConfigurationPlatforms) = preSolution
		Debug|Any CPU = Debug|Any CPU
		Release|Any CPU = Release|Any CPU
	EndGlobalSection
	GlobalSection(ProjectConfigurationPlatforms) = postSolution
		{18181168-ED6C-4593-81B1-41883AF1D361}.Debug|Any CPU.ActiveCfg = Debug|Any CPU
		{18181168-ED6C-4593-81B1-41883AF1D361}.Debug|Any CPU.Build.0 = Debug|Any CPU
		{18181168-ED6C-4593-81B1-41883AF1D361}.Release|Any CPU.ActiveCfg = Release|Any CPU
		{18181168-ED6C-4593-81B1-41883AF1D361}.Release|Any CPU.Build.0 = Release|Any CPU
	EndGlobalSection
	GlobalSection(SolutionProperties) = preSolution
		HideSolutionNode = FALSE
	EndGlobalSection
	GlobalSection(ExtensibilityGlobals) = postSolution
		SolutionGuid = {5E4E0D7C-3AF8-4A21-8050-BDDD3998452E}
	EndGlobalSection
EndGlobal
